// !$*UTF8*$!
{
	archiveVersion = 1;
	classes = {
	};
	objectVersion = 55;
	objects = {

/* Begin PBXBuildFile section */
		AF24D5382748303900FE647E /* Teste.swift in Sources */ = {isa = PBXBuildFile; fileRef = AF24D5372748303900FE647E /* Teste.swift */; };
		AF8EE516274708FF003DDB50 /* MainTabViewController.swift in Sources */ = {isa = PBXBuildFile; fileRef = AF8EE515274708FF003DDB50 /* MainTabViewController.swift */; };
		AF8EE51827470B3F003DDB50 /* FeedController.swift in Sources */ = {isa = PBXBuildFile; fileRef = AF8EE51727470B3F003DDB50 /* FeedController.swift */; };
		AF8EE51A27470B5C003DDB50 /* SearchController.swift in Sources */ = {isa = PBXBuildFile; fileRef = AF8EE51927470B5C003DDB50 /* SearchController.swift */; };
		AF8EE51C27470B7C003DDB50 /* ImageSelectorController.swift in Sources */ = {isa = PBXBuildFile; fileRef = AF8EE51B27470B7C003DDB50 /* ImageSelectorController.swift */; };
		AF8EE51E27470B9A003DDB50 /* NotificationController.swift in Sources */ = {isa = PBXBuildFile; fileRef = AF8EE51D27470B9A003DDB50 /* NotificationController.swift */; };
		AF8EE52027470BA5003DDB50 /* ProfileController.swift in Sources */ = {isa = PBXBuildFile; fileRef = AF8EE51F27470BA5003DDB50 /* ProfileController.swift */; };
		AF8EE52227471072003DDB50 /* Assets.xcassets in Resources */ = {isa = PBXBuildFile; fileRef = AF8EE52127471072003DDB50 /* Assets.xcassets */; };
		AFF47624272040BD002A8D3E /* AppDelegate.swift in Sources */ = {isa = PBXBuildFile; fileRef = AFF47623272040BD002A8D3E /* AppDelegate.swift */; };
		AFF47626272040BD002A8D3E /* SceneDelegate.swift in Sources */ = {isa = PBXBuildFile; fileRef = AFF47625272040BD002A8D3E /* SceneDelegate.swift */; };
		AFF47630272040C2002A8D3E /* LaunchScreen.storyboard in Resources */ = {isa = PBXBuildFile; fileRef = AFF4762E272040C2002A8D3E /* LaunchScreen.storyboard */; };
/* End PBXBuildFile section */

/* Begin PBXFileReference section */
		AF24D5372748303900FE647E /* Teste.swift */ = {isa = PBXFileReference; lastKnownFileType = sourcecode.swift; path = Teste.swift; sourceTree = "<group>"; };
		AF8EE515274708FF003DDB50 /* MainTabViewController.swift */ = {isa = PBXFileReference; lastKnownFileType = sourcecode.swift; path = MainTabViewController.swift; sourceTree = "<group>"; };
		AF8EE51727470B3F003DDB50 /* FeedController.swift */ = {isa = PBXFileReference; lastKnownFileType = sourcecode.swift; path = FeedController.swift; sourceTree = "<group>"; };
		AF8EE51927470B5C003DDB50 /* SearchController.swift */ = {isa = PBXFileReference; lastKnownFileType = sourcecode.swift; path = SearchController.swift; sourceTree = "<group>"; };
		AF8EE51B27470B7C003DDB50 /* ImageSelectorController.swift */ = {isa = PBXFileReference; lastKnownFileType = sourcecode.swift; path = ImageSelectorController.swift; sourceTree = "<group>"; };
		AF8EE51D27470B9A003DDB50 /* NotificationController.swift */ = {isa = PBXFileReference; lastKnownFileType = sourcecode.swift; path = NotificationController.swift; sourceTree = "<group>"; };
		AF8EE51F27470BA5003DDB50 /* ProfileController.swift */ = {isa = PBXFileReference; lastKnownFileType = sourcecode.swift; path = ProfileController.swift; sourceTree = "<group>"; };
		AF8EE52127471072003DDB50 /* Assets.xcassets */ = {isa = PBXFileReference; lastKnownFileType = folder.assetcatalog; name = Assets.xcassets; path = ../../../../../Downloads/Assets.xcassets; sourceTree = "<group>"; };
		AFF47620272040BD002A8D3E /* InstagramTutorial.app */ = {isa = PBXFileReference; explicitFileType = wrapper.application; includeInIndex = 0; path = InstagramTutorial.app; sourceTree = BUILT_PRODUCTS_DIR; };
		AFF47623272040BD002A8D3E /* AppDelegate.swift */ = {isa = PBXFileReference; lastKnownFileType = sourcecode.swift; path = AppDelegate.swift; sourceTree = "<group>"; };
		AFF47625272040BD002A8D3E /* SceneDelegate.swift */ = {isa = PBXFileReference; lastKnownFileType = sourcecode.swift; path = SceneDelegate.swift; sourceTree = "<group>"; };
		AFF4762F272040C2002A8D3E /* Base */ = {isa = PBXFileReference; lastKnownFileType = file.storyboard; name = Base; path = Base.lproj/LaunchScreen.storyboard; sourceTree = "<group>"; };
		AFF47631272040C2002A8D3E /* Info.plist */ = {isa = PBXFileReference; lastKnownFileType = text.plist.xml; path = Info.plist; sourceTree = "<group>"; };
/* End PBXFileReference section */

/* Begin PBXFrameworksBuildPhase section */
		AFF4761D272040BD002A8D3E /* Frameworks */ = {
			isa = PBXFrameworksBuildPhase;
			buildActionMask = 2147483647;
			files = (
			);
			runOnlyForDeploymentPostprocessing = 0;
		};
/* End PBXFrameworksBuildPhase section */

/* Begin PBXGroup section */
		AF8EE51127470812003DDB50 /* Controller */ = {
			isa = PBXGroup;
			children = (
				AF8EE515274708FF003DDB50 /* MainTabViewController.swift */,
				AF8EE51727470B3F003DDB50 /* FeedController.swift */,
				AF8EE51927470B5C003DDB50 /* SearchController.swift */,
				AF8EE51B27470B7C003DDB50 /* ImageSelectorController.swift */,
				AF8EE51D27470B9A003DDB50 /* NotificationController.swift */,
				AF8EE51F27470BA5003DDB50 /* ProfileController.swift */,
			);
			path = Controller;
			sourceTree = "<group>";
		};
		AF8EE51227470831003DDB50 /* View */ = {
			isa = PBXGroup;
			children = (
				AF24D5372748303900FE647E /* Teste.swift */,
			);
			path = View;
			sourceTree = "<group>";
		};
		AF8EE51327470887003DDB50 /* API */ = {
			isa = PBXGroup;
			children = (
			);
			path = API;
			sourceTree = "<group>";
		};
		AF8EE5142747088F003DDB50 /* Utils */ = {
			isa = PBXGroup;
			children = (
			);
			path = Utils;
			sourceTree = "<group>";
		};
		AFF47617272040BD002A8D3E = {
			isa = PBXGroup;
			children = (
				AFF47622272040BD002A8D3E /* InstagramTutorial */,
				AFF47621272040BD002A8D3E /* Products */,
			);
			sourceTree = "<group>";
		};
		AFF47621272040BD002A8D3E /* Products */ = {
			isa = PBXGroup;
			children = (
				AFF47620272040BD002A8D3E /* InstagramTutorial.app */,
			);
			name = Products;
			sourceTree = "<group>";
		};
		AFF47622272040BD002A8D3E /* InstagramTutorial */ = {
			isa = PBXGroup;
			children = (
				AF8EE5142747088F003DDB50 /* Utils */,
				AF8EE51327470887003DDB50 /* API */,
				AFF4763727204103002A8D3E /* Model */,
				AF8EE51227470831003DDB50 /* View */,
				AFF4763827204192002A8D3E /* ViewModel */,
				AF8EE51127470812003DDB50 /* Controller */,
				AFF47623272040BD002A8D3E /* AppDelegate.swift */,
				AFF47625272040BD002A8D3E /* SceneDelegate.swift */,
				AFF4762E272040C2002A8D3E /* LaunchScreen.storyboard */,
				AF8EE52127471072003DDB50 /* Assets.xcassets */,
				AFF47631272040C2002A8D3E /* Info.plist */,
			);
			path = InstagramTutorial;
			sourceTree = "<group>";
		};
		AFF4763727204103002A8D3E /* Model */ = {
			isa = PBXGroup;
			children = (
			);
			path = Model;
			sourceTree = "<group>";
		};
		AFF4763827204192002A8D3E /* ViewModel */ = {
			isa = PBXGroup;
			children = (
			);
			path = ViewModel;
			sourceTree = "<group>";
		};
/* End PBXGroup section */

/* Begin PBXNativeTarget section */
		AFF4761F272040BD002A8D3E /* InstagramTutorial */ = {
			isa = PBXNativeTarget;
			buildConfigurationList = AFF47634272040C2002A8D3E /* Build configuration list for PBXNativeTarget "InstagramTutorial" */;
			buildPhases = (
				AFF4761C272040BD002A8D3E /* Sources */,
				AFF4761D272040BD002A8D3E /* Frameworks */,
				AFF4761E272040BD002A8D3E /* Resources */,
			);
			buildRules = (
			);
			dependencies = (
			);
			name = InstagramTutorial;
			productName = InstagramTutorial;
			productReference = AFF47620272040BD002A8D3E /* InstagramTutorial.app */;
			productType = "com.apple.product-type.application";
		};
/* End PBXNativeTarget section */

/* Begin PBXProject section */
		AFF47618272040BD002A8D3E /* Project object */ = {
			isa = PBXProject;
			attributes = {
				BuildIndependentTargetsInParallel = 1;
				LastSwiftUpdateCheck = 1300;
				LastUpgradeCheck = 1300;
				TargetAttributes = {
					AFF4761F272040BD002A8D3E = {
						CreatedOnToolsVersion = 13.0;
					};
				};
			};
			buildConfigurationList = AFF4761B272040BD002A8D3E /* Build configuration list for PBXProject "InstagramTutorial" */;
			compatibilityVersion = "Xcode 13.0";
			developmentRegion = en;
			hasScannedForEncodings = 0;
			knownRegions = (
				en,
				Base,
			);
			mainGroup = AFF47617272040BD002A8D3E;
			productRefGroup = AFF47621272040BD002A8D3E /* Products */;
			projectDirPath = "";
			projectRoot = "";
			targets = (
				AFF4761F272040BD002A8D3E /* InstagramTutorial */,
			);
		};
/* End PBXProject section */

/* Begin PBXResourcesBuildPhase section */
		AFF4761E272040BD002A8D3E /* Resources */ = {
			isa = PBXResourcesBuildPhase;
			buildActionMask = 2147483647;
			files = (
				AFF47630272040C2002A8D3E /* LaunchScreen.storyboard in Resources */,
				AF8EE52227471072003DDB50 /* Assets.xcassets in Resources */,
			);
			runOnlyForDeploymentPostprocessing = 0;
		};
/* End PBXResourcesBuildPhase section */

/* Begin PBXSourcesBuildPhase section */
		AFF4761C272040BD002A8D3E /* Sources */ = {
			isa = PBXSourcesBuildPhase;
			buildActionMask = 2147483647;
			files = (
				AF8EE51C27470B7C003DDB50 /* ImageSelectorController.swift in Sources */,
				AF8EE51E27470B9A003DDB50 /* NotificationController.swift in Sources */,
				AF8EE51A27470B5C003DDB50 /* SearchController.swift in Sources */,
				AF8EE516274708FF003DDB50 /* MainTabViewController.swift in Sources */,
				AF8EE52027470BA5003DDB50 /* ProfileController.swift in Sources */,
				AF24D5382748303900FE647E /* Teste.swift in Sources */,
				AF8EE51827470B3F003DDB50 /* FeedController.swift in Sources */,
				AFF47624272040BD002A8D3E /* AppDelegate.swift in Sources */,
				AFF47626272040BD002A8D3E /* SceneDelegate.swift in Sources */,
			);
			runOnlyForDeploymentPostprocessing = 0;
		};
/* End PBXSourcesBuildPhase section */

/* Begin PBXVariantGroup section */
		AFF4762E272040C2002A8D3E /* LaunchScreen.storyboard */ = {
			isa = PBXVariantGroup;
			children = (
				AFF4762F272040C2002A8D3E /* Base */,
			);
			name = LaunchScreen.storyboard;
			sourceTree = "<group>";
		};
/* End PBXVariantGroup section */

/* Begin XCBuildConfiguration section */
		AFF47632272040C2002A8D3E /* Debug */ = {
			isa = XCBuildConfiguration;
			buildSettings = {
				ALWAYS_SEARCH_USER_PATHS = NO;
				CLANG_ANALYZER_NONNULL = YES;
				CLANG_ANALYZER_NUMBER_OBJECT_CONVERSION = YES_AGGRESSIVE;
				CLANG_CXX_LANGUAGE_STANDARD = "gnu++17";
				CLANG_CXX_LIBRARY = "libc++";
				CLANG_ENABLE_MODULES = YES;
				CLANG_ENABLE_OBJC_ARC = YES;
				CLANG_ENABLE_OBJC_WEAK = YES;
				CLANG_WARN_BLOCK_CAPTURE_AUTORELEASING = YES;
				CLANG_WARN_BOOL_CONVERSION = YES;
				CLANG_WARN_COMMA = YES;
				CLANG_WARN_CONSTANT_CONVERSION = YES;
				CLANG_WARN_DEPRECATED_OBJC_IMPLEMENTATIONS = YES;
				CLANG_WARN_DIRECT_OBJC_ISA_USAGE = YES_ERROR;
				CLANG_WARN_DOCUMENTATION_COMMENTS = YES;
				CLANG_WARN_EMPTY_BODY = YES;
				CLANG_WARN_ENUM_CONVERSION = YES;
				CLANG_WARN_INFINITE_RECURSION = YES;
				CLANG_WARN_INT_CONVERSION = YES;
				CLANG_WARN_NON_LITERAL_NULL_CONVERSION = YES;
				CLANG_WARN_OBJC_IMPLICIT_RETAIN_SELF = YES;
				CLANG_WARN_OBJC_LITERAL_CONVERSION = YES;
				CLANG_WARN_OBJC_ROOT_CLASS = YES_ERROR;
				CLANG_WARN_QUOTED_INCLUDE_IN_FRAMEWORK_HEADER = YES;
				CLANG_WARN_RANGE_LOOP_ANALYSIS = YES;
				CLANG_WARN_STRICT_PROTOTYPES = YES;
				CLANG_WARN_SUSPICIOUS_MOVE = YES;
				CLANG_WARN_UNGUARDED_AVAILABILITY = YES_AGGRESSIVE;
				CLANG_WARN_UNREACHABLE_CODE = YES;
				CLANG_WARN__DUPLICATE_METHOD_MATCH = YES;
				COPY_PHASE_STRIP = NO;
				DEBUG_INFORMATION_FORMAT = dwarf;
				ENABLE_STRICT_OBJC_MSGSEND = YES;
				ENABLE_TESTABILITY = YES;
				GCC_C_LANGUAGE_STANDARD = gnu11;
				GCC_DYNAMIC_NO_PIC = NO;
				GCC_NO_COMMON_BLOCKS = YES;
				GCC_OPTIMIZATION_LEVEL = 0;
				GCC_PREPROCESSOR_DEFINITIONS = (
					"DEBUG=1",
					"$(inherited)",
				);
				GCC_WARN_64_TO_32_BIT_CONVERSION = YES;
				GCC_WARN_ABOUT_RETURN_TYPE = YES_ERROR;
				GCC_WARN_UNDECLARED_SELECTOR = YES;
				GCC_WARN_UNINITIALIZED_AUTOS = YES_AGGRESSIVE;
				GCC_WARN_UNUSED_FUNCTION = YES;
				GCC_WARN_UNUSED_VARIABLE = YES;
				IPHONEOS_DEPLOYMENT_TARGET = 15.0;
				MTL_ENABLE_DEBUG_INFO = INCLUDE_SOURCE;
				MTL_FAST_MATH = YES;
				ONLY_ACTIVE_ARCH = YES;
				SDKROOT = iphoneos;
				SWIFT_ACTIVE_COMPILATION_CONDITIONS = DEBUG;
				SWIFT_OPTIMIZATION_LEVEL = "-Onone";
			};
			name = Debug;
		};
		AFF47633272040C2002A8D3E /* Release */ = {
			isa = XCBuildConfiguration;
			buildSettings = {
				ALWAYS_SEARCH_USER_PATHS = NO;
				CLANG_ANALYZER_NONNULL = YES;
				CLANG_ANALYZER_NUMBER_OBJECT_CONVERSION = YES_AGGRESSIVE;
				CLANG_CXX_LANGUAGE_STANDARD = "gnu++17";
				CLANG_CXX_LIBRARY = "libc++";
				CLANG_ENABLE_MODULES = YES;
				CLANG_ENABLE_OBJC_ARC = YES;
				CLANG_ENABLE_OBJC_WEAK = YES;
				CLANG_WARN_BLOCK_CAPTURE_AUTORELEASING = YES;
				CLANG_WARN_BOOL_CONVERSION = YES;
				CLANG_WARN_COMMA = YES;
				CLANG_WARN_CONSTANT_CONVERSION = YES;
				CLANG_WARN_DEPRECATED_OBJC_IMPLEMENTATIONS = YES;
				CLANG_WARN_DIRECT_OBJC_ISA_USAGE = YES_ERROR;
				CLANG_WARN_DOCUMENTATION_COMMENTS = YES;
				CLANG_WARN_EMPTY_BODY = YES;
				CLANG_WARN_ENUM_CONVERSION = YES;
				CLANG_WARN_INFINITE_RECURSION = YES;
				CLANG_WARN_INT_CONVERSION = YES;
				CLANG_WARN_NON_LITERAL_NULL_CONVERSION = YES;
				CLANG_WARN_OBJC_IMPLICIT_RETAIN_SELF = YES;
				CLANG_WARN_OBJC_LITERAL_CONVERSION = YES;
				CLANG_WARN_OBJC_ROOT_CLASS = YES_ERROR;
				CLANG_WARN_QUOTED_INCLUDE_IN_FRAMEWORK_HEADER = YES;
				CLANG_WARN_RANGE_LOOP_ANALYSIS = YES;
				CLANG_WARN_STRICT_PROTOTYPES = YES;
				CLANG_WARN_SUSPICIOUS_MOVE = YES;
				CLANG_WARN_UNGUARDED_AVAILABILITY = YES_AGGRESSIVE;
				CLANG_WARN_UNREACHABLE_CODE = YES;
				CLANG_WARN__DUPLICATE_METHOD_MATCH = YES;
				COPY_PHASE_STRIP = NO;
				DEBUG_INFORMATION_FORMAT = "dwarf-with-dsym";
				ENABLE_NS_ASSERTIONS = NO;
				ENABLE_STRICT_OBJC_MSGSEND = YES;
				GCC_C_LANGUAGE_STANDARD = gnu11;
				GCC_NO_COMMON_BLOCKS = YES;
				GCC_WARN_64_TO_32_BIT_CONVERSION = YES;
				GCC_WARN_ABOUT_RETURN_TYPE = YES_ERROR;
				GCC_WARN_UNDECLARED_SELECTOR = YES;
				GCC_WARN_UNINITIALIZED_AUTOS = YES_AGGRESSIVE;
				GCC_WARN_UNUSED_FUNCTION = YES;
				GCC_WARN_UNUSED_VARIABLE = YES;
				IPHONEOS_DEPLOYMENT_TARGET = 15.0;
				MTL_ENABLE_DEBUG_INFO = NO;
				MTL_FAST_MATH = YES;
				SDKROOT = iphoneos;
				SWIFT_COMPILATION_MODE = wholemodule;
				SWIFT_OPTIMIZATION_LEVEL = "-O";
				VALIDATE_PRODUCT = YES;
			};
			name = Release;
		};
		AFF47635272040C2002A8D3E /* Debug */ = {
			isa = XCBuildConfiguration;
			buildSettings = {
				ASSETCATALOG_COMPILER_APPICON_NAME = AppIcon;
				ASSETCATALOG_COMPILER_GLOBAL_ACCENT_COLOR_NAME = AccentColor;
				CODE_SIGN_STYLE = Automatic;
				CURRENT_PROJECT_VERSION = 1;
				DEVELOPMENT_TEAM = NW3H7K8PN7;
				GENERATE_INFOPLIST_FILE = YES;
				INFOPLIST_FILE = InstagramTutorial/Info.plist;
				INFOPLIST_KEY_UIApplicationSupportsIndirectInputEvents = YES;
				INFOPLIST_KEY_UILaunchStoryboardName = LaunchScreen;
				INFOPLIST_KEY_UISupportedInterfaceOrientations_iPad = "UIInterfaceOrientationPortrait UIInterfaceOrientationPortraitUpsideDown UIInterfaceOrientationLandscapeLeft UIInterfaceOrientationLandscapeRight";
				INFOPLIST_KEY_UISupportedInterfaceOrientations_iPhone = "UIInterfaceOrientationPortrait UIInterfaceOrientationLandscapeLeft UIInterfaceOrientationLandscapeRight";
				LD_RUNPATH_SEARCH_PATHS = (
					"$(inherited)",
					"@executable_path/Frameworks",
				);
				MARKETING_VERSION = 1.0;
				PRODUCT_BUNDLE_IDENTIFIER = "com.thiago-leite.InstagramTutorial";
				PRODUCT_NAME = "$(TARGET_NAME)";
				SWIFT_EMIT_LOC_STRINGS = YES;
				SWIFT_VERSION = 5.0;
				TARGETED_DEVICE_FAMILY = "1,2";
			};
			name = Debug;
		};
		AFF47636272040C2002A8D3E /* Release */ = {
			isa = XCBuildConfiguration;
			buildSettings = {
				ASSETCATALOG_COMPILER_APPICON_NAME = AppIcon;
				ASSETCATALOG_COMPILER_GLOBAL_ACCENT_COLOR_NAME = AccentColor;
				CODE_SIGN_STYLE = Automatic;
				CURRENT_PROJECT_VERSION = 1;
				DEVELOPMENT_TEAM = NW3H7K8PN7;
				GENERATE_INFOPLIST_FILE = YES;
				INFOPLIST_FILE = InstagramTutorial/Info.plist;
				INFOPLIST_KEY_UIApplicationSupportsIndirectInputEvents = YES;
				INFOPLIST_KEY_UILaunchStoryboardName = LaunchScreen;
				INFOPLIST_KEY_UISupportedInterfaceOrientations_iPad = "UIInterfaceOrientationPortrait UIInterfaceOrientationPortraitUpsideDown UIInterfaceOrientationLandscapeLeft UIInterfaceOrientationLandscapeRight";
				INFOPLIST_KEY_UISupportedInterfaceOrientations_iPhone = "UIInterfaceOrientationPortrait UIInterfaceOrientationLandscapeLeft UIInterfaceOrientationLandscapeRight";
				LD_RUNPATH_SEARCH_PATHS = (
					"$(inherited)",
					"@executable_path/Frameworks",
				);
				MARKETING_VERSION = 1.0;
				PRODUCT_BUNDLE_IDENTIFIER = "com.thiago-leite.InstagramTutorial";
				PRODUCT_NAME = "$(TARGET_NAME)";
				SWIFT_EMIT_LOC_STRINGS = YES;
				SWIFT_VERSION = 5.0;
				TARGETED_DEVICE_FAMILY = "1,2";
			};
			name = Release;
		};
/* End XCBuildConfiguration section */

/* Begin XCConfigurationList section */
		AFF4761B272040BD002A8D3E /* Build configuration list for PBXProject "InstagramTutorial" */ = {
			isa = XCConfigurationList;
			buildConfigurations = (
				AFF47632272040C2002A8D3E /* Debug */,
				AFF47633272040C2002A8D3E /* Release */,
			);
			defaultConfigurationIsVisible = 0;
			defaultConfigurationName = Release;
		};
		AFF47634272040C2002A8D3E /* Build configuration list for PBXNativeTarget "InstagramTutorial" */ = {
			isa = XCConfigurationList;
			buildConfigurations = (
				AFF47635272040C2002A8D3E /* Debug */,
				AFF47636272040C2002A8D3E /* Release */,
			);
			defaultConfigurationIsVisible = 0;
			defaultConfigurationName = Release;
		};
/* End XCConfigurationList section */
	};
	rootObject = AFF47618272040BD002A8D3E /* Project object */;
}
